
Microsoft Visual Studio Solution File, Format Version 12.00
# Visual Studio Version 17
VisualStudioVersion = 17.11.35312.102
MinimumVisualStudioVersion = 10.0.40219.1
Project("{FAE04EC0-301F-11D3-BF4B-00C04F79EFBC}") = "MoviesAPI", "MoviesAPI\MoviesAPI.csproj", "{D845178D-01A6-49C3-8956-99279F65ABD7}"
EndProject
Global
	GlobalSection(SolutionConfigurationPlatforms) = preSolution
		Debug|Any CPU = Debug|Any CPU
		Release|Any CPU = Release|Any CPU
	EndGlobalSection
	GlobalSection(ProjectConfigurationPlatforms) = postSolution
		{D845178D-01A6-49C3-8956-99279F65ABD7}.Debug|Any CPU.ActiveCfg = Debug|Any CPU
		{D845178D-01A6-49C3-8956-99279F65ABD7}.Debug|Any CPU.Build.0 = Debug|Any CPU
		{D845178D-01A6-49C3-8956-99279F65ABD7}.Release|Any CPU.ActiveCfg = Release|Any CPU
		{D845178D-01A6-49C3-8956-99279F65ABD7}.Release|Any CPU.Build.0 = Release|Any CPU
	EndGlobalSection
	GlobalSection(SolutionProperties) = preSolution
		HideSolutionNode = FALSE
	EndGlobalSection
	GlobalSection(ExtensibilityGlobals) = postSolution
		SolutionGuid = {067D9102-5791-4F71-BB0E-68970AEEBD56}
	EndGlobalSection
EndGlobal
